
Microsoft Visual Studio Solution File, Format Version 12.00
# Visual Studio Version 17
VisualStudioVersion = 17.1.32210.238
MinimumVisualStudioVersion = 10.0.40219.1
Project("{FAE04EC0-301F-11D3-BF4B-00C04F79EFBC}") = "Deliver", "Deliver\Deliver.csproj", "{A75FE3DE-3B3E-47B4-A163-B899CE4D27F6}"
EndProject
Project("{FAE04EC0-301F-11D3-BF4B-00C04F79EFBC}") = "Repository", "Repository\Repository.csproj", "{85D91EBF-3BD6-408A-8A89-65589E602EA8}"
EndProject
Project("{FAE04EC0-301F-11D3-BF4B-00C04F79EFBC}") = "Models", "Models\Models.csproj", "{C8333F5B-CF6B-4F8D-B4AA-E50844C21A54}"
EndProject
Project("{FAE04EC0-301F-11D3-BF4B-00C04F79EFBC}") = "Services", "Services\Services.csproj", "{9B319903-0965-4A31-8F13-7E2987ECF7A2}"
EndProject
Project("{FAE04EC0-301F-11D3-BF4B-00C04F79EFBC}") = "Tests", "Tests\Tests.csproj", "{44DDBA85-75C0-4755-9A18-77DD315B0DC3}"
EndProject
Global
	GlobalSection(SolutionConfigurationPlatforms) = preSolution
		Debug|Any CPU = Debug|Any CPU
		Release|Any CPU = Release|Any CPU
	EndGlobalSection
	GlobalSection(ProjectConfigurationPlatforms) = postSolution
		{A75FE3DE-3B3E-47B4-A163-B899CE4D27F6}.Debug|Any CPU.ActiveCfg = Debug|Any CPU
		{A75FE3DE-3B3E-47B4-A163-B899CE4D27F6}.Debug|Any CPU.Build.0 = Debug|Any CPU
		{A75FE3DE-3B3E-47B4-A163-B899CE4D27F6}.Release|Any CPU.ActiveCfg = Release|Any CPU
		{A75FE3DE-3B3E-47B4-A163-B899CE4D27F6}.Release|Any CPU.Build.0 = Release|Any CPU
		{85D91EBF-3BD6-408A-8A89-65589E602EA8}.Debug|Any CPU.ActiveCfg = Debug|Any CPU
		{85D91EBF-3BD6-408A-8A89-65589E602EA8}.Debug|Any CPU.Build.0 = Debug|Any CPU
		{85D91EBF-3BD6-408A-8A89-65589E602EA8}.Release|Any CPU.ActiveCfg = Release|Any CPU
		{85D91EBF-3BD6-408A-8A89-65589E602EA8}.Release|Any CPU.Build.0 = Release|Any CPU
		{C8333F5B-CF6B-4F8D-B4AA-E50844C21A54}.Debug|Any CPU.ActiveCfg = Debug|Any CPU
		{C8333F5B-CF6B-4F8D-B4AA-E50844C21A54}.Debug|Any CPU.Build.0 = Debug|Any CPU
		{C8333F5B-CF6B-4F8D-B4AA-E50844C21A54}.Release|Any CPU.ActiveCfg = Release|Any CPU
		{C8333F5B-CF6B-4F8D-B4AA-E50844C21A54}.Release|Any CPU.Build.0 = Release|Any CPU
		{9B319903-0965-4A31-8F13-7E2987ECF7A2}.Debug|Any CPU.ActiveCfg = Debug|Any CPU
		{9B319903-0965-4A31-8F13-7E2987ECF7A2}.Debug|Any CPU.Build.0 = Debug|Any CPU
		{9B319903-0965-4A31-8F13-7E2987ECF7A2}.Release|Any CPU.ActiveCfg = Release|Any CPU
		{9B319903-0965-4A31-8F13-7E2987ECF7A2}.Release|Any CPU.Build.0 = Release|Any CPU
		{44DDBA85-75C0-4755-9A18-77DD315B0DC3}.Debug|Any CPU.ActiveCfg = Debug|Any CPU
		{44DDBA85-75C0-4755-9A18-77DD315B0DC3}.Debug|Any CPU.Build.0 = Debug|Any CPU
		{44DDBA85-75C0-4755-9A18-77DD315B0DC3}.Release|Any CPU.ActiveCfg = Release|Any CPU
		{44DDBA85-75C0-4755-9A18-77DD315B0DC3}.Release|Any CPU.Build.0 = Release|Any CPU
	EndGlobalSection
	GlobalSection(SolutionProperties) = preSolution
		HideSolutionNode = FALSE
	EndGlobalSection
	GlobalSection(ExtensibilityGlobals) = postSolution
		SolutionGuid = {FAC95CCF-E6D7-419F-B1AF-4F2D615BE3DE}
	EndGlobalSection
EndGlobal
