{
    "name": "utils",
    "version": "1.0.0",
    "lockfileVersion": 2,
    "requires": true,
    "packages": {
        "": {
            "name": "utils",
            "version": "1.0.0",
            "license": "ISC",
            "dependencies": {
                "process": "^0.11.10",
                "process-types": "^0.0.1",
                "process.argv": "^0.6.0"
            },
            "devDependencies": {
                "@types/node": "^17.0.23",
                "typescript": "^4.6.3"
            }
        },
        "node_modules/@types/node": {
            "version": "17.0.23",
            "resolved": "https://registry.npmjs.org/@types/node/-/node-17.0.23.tgz",
            "integrity": "sha512-UxDxWn7dl97rKVeVS61vErvw086aCYhDLyvRQZ5Rk65rZKepaFdm53GeqXaKBuOhED4e9uWq34IC3TdSdJJ2Gw==",
            "dev": true
        },
        "node_modules/obop": {
            "version": "0.2.1",
            "resolved": "https://registry.npmjs.org/obop/-/obop-0.2.1.tgz",
            "integrity": "sha512-cw8GJUfhWqFK/NOEZfBUhn8mLrnyRfbWyK9MGl/hFaLQDh1QlaOapvnTsB8X+xWMFEi4pr5BCQXaiuDD2iFJww=="
        },
        "node_modules/process": {
            "version": "0.11.10",
            "resolved": "https://registry.npmjs.org/process/-/process-0.11.10.tgz",
            "integrity": "sha1-czIwDoQBYb2j5podHZGn1LwW8YI=",
            "engines": {
                "node": ">= 0.6.0"
            }
        },
        "node_modules/process-types": {
            "version": "0.0.1",
            "resolved": "https://registry.npmjs.org/process-types/-/process-types-0.0.1.tgz",
            "integrity": "sha1-UQ0DtXSbdbPpSu5B9Ai6xw4AXaU="
        },
        "node_modules/process.argv": {
            "version": "0.6.0",
            "resolved": "https://registry.npmjs.org/process.argv/-/process.argv-0.6.0.tgz",
            "integrity": "sha512-G5Y6H3IXEOO8dOoWVH+Ml1fSnjfRYruxl/Yuw43x8ncKzyS5k26bwNpITb7qc/TU3JqIttkh74zhLN64CDW0Yw==",
            "dependencies": {
                "obop": "^0.2.0"
            }
        },
        "node_modules/typescript": {
            "version": "4.6.3",
            "resolved": "https://registry.npmjs.org/typescript/-/typescript-4.6.3.tgz",
            "integrity": "sha512-yNIatDa5iaofVozS/uQJEl3JRWLKKGJKh6Yaiv0GLGSuhpFJe7P3SbHZ8/yjAHRQwKRoA6YZqlfjXWmVzoVSMw==",
            "dev": true,
            "bin": {
                "tsc": "bin/tsc",
                "tsserver": "bin/tsserver"
            },
            "engines": {
                "node": ">=4.2.0"
            }
        }
    },
    "dependencies": {
        "@types/node": {
            "version": "17.0.23",
            "resolved": "https://registry.npmjs.org/@types/node/-/node-17.0.23.tgz",
            "integrity": "sha512-UxDxWn7dl97rKVeVS61vErvw086aCYhDLyvRQZ5Rk65rZKepaFdm53GeqXaKBuOhED4e9uWq34IC3TdSdJJ2Gw==",
            "dev": true
        },
        "obop": {
            "version": "0.2.1",
            "resolved": "https://registry.npmjs.org/obop/-/obop-0.2.1.tgz",
            "integrity": "sha512-cw8GJUfhWqFK/NOEZfBUhn8mLrnyRfbWyK9MGl/hFaLQDh1QlaOapvnTsB8X+xWMFEi4pr5BCQXaiuDD2iFJww=="
        },
        "process": {
            "version": "0.11.10",
            "resolved": "https://registry.npmjs.org/process/-/process-0.11.10.tgz",
            "integrity": "sha1-czIwDoQBYb2j5podHZGn1LwW8YI="
        },
        "process-types": {
            "version": "0.0.1",
            "resolved": "https://registry.npmjs.org/process-types/-/process-types-0.0.1.tgz",
            "integrity": "sha1-UQ0DtXSbdbPpSu5B9Ai6xw4AXaU="
        },
        "process.argv": {
            "version": "0.6.0",
            "resolved": "https://registry.npmjs.org/process.argv/-/process.argv-0.6.0.tgz",
            "integrity": "sha512-G5Y6H3IXEOO8dOoWVH+Ml1fSnjfRYruxl/Yuw43x8ncKzyS5k26bwNpITb7qc/TU3JqIttkh74zhLN64CDW0Yw==",
            "requires": {
                "obop": "^0.2.0"
            }
        },
        "typescript": {
            "version": "4.6.3",
            "resolved": "https://registry.npmjs.org/typescript/-/typescript-4.6.3.tgz",
            "integrity": "sha512-yNIatDa5iaofVozS/uQJEl3JRWLKKGJKh6Yaiv0GLGSuhpFJe7P3SbHZ8/yjAHRQwKRoA6YZqlfjXWmVzoVSMw==",
            "dev": true
        }
    }
}
